
Microsoft Visual Studio Solution File, Format Version 12.00
# Visual Studio Version 16
VisualStudioVersion = 16.0.31229.75
MinimumVisualStudioVersion = 10.0.40219.1
Project("{FAE04EC0-301F-11D3-BF4B-00C04F79EFBC}") = "CoreAppTemplate.Common", "CoreAppTemplate.Common\CoreAppTemplate.Common.csproj", "{E5F3F762-BE19-44E2-9AEB-56D1ACEC06D0}"
EndProject
Project("{9A19103F-16F7-4668-BE54-9A1E7A4F7556}") = "CoreAppTemplate.DataAccess", "CoreAppTemplate.DataAccess\CoreAppTemplate.DataAccess.csproj", "{129A63A2-2CD5-42B4-845B-B1F2D22315B6}"
EndProject
Project("{9A19103F-16F7-4668-BE54-9A1E7A4F7556}") = "CoreAppTemplate.Core", "CoreAppTemplate.Core\CoreAppTemplate.Core.csproj", "{9F77F370-5AB3-4ED4-B32D-3E2FF7805021}"
EndProject
Project("{9A19103F-16F7-4668-BE54-9A1E7A4F7556}") = "CoreAppTemplate.Integrations", "CoreAppTemplate.Integrations\CoreAppTemplate.Integrations.csproj", "{53C5808D-0D43-482A-9616-4CEED0F9513F}"
EndProject
Project("{9A19103F-16F7-4668-BE54-9A1E7A4F7556}") = "CoreAppTemplate.WebApi", "CoreAppTemplate.WebAPI\CoreAppTemplate.WebApi.csproj", "{AF8461A3-4A90-40CB-94A4-5B61A899AB1C}"
EndProject
Project("{FAE04EC0-301F-11D3-BF4B-00C04F79EFBC}") = "CoreAppTemplate.HangfireServer", "CoreAppTemplate.HangfireServer\CoreAppTemplate.HangfireServer.csproj", "{7381CB02-9F89-437D-B2F2-EBEDFCBB37F1}"
EndProject
Global
	GlobalSection(SolutionConfigurationPlatforms) = preSolution
		Debug|Any CPU = Debug|Any CPU
		Release|Any CPU = Release|Any CPU
	EndGlobalSection
	GlobalSection(ProjectConfigurationPlatforms) = postSolution
		{E5F3F762-BE19-44E2-9AEB-56D1ACEC06D0}.Debug|Any CPU.ActiveCfg = Debug|Any CPU
		{E5F3F762-BE19-44E2-9AEB-56D1ACEC06D0}.Debug|Any CPU.Build.0 = Debug|Any CPU
		{E5F3F762-BE19-44E2-9AEB-56D1ACEC06D0}.Release|Any CPU.ActiveCfg = Release|Any CPU
		{E5F3F762-BE19-44E2-9AEB-56D1ACEC06D0}.Release|Any CPU.Build.0 = Release|Any CPU
		{129A63A2-2CD5-42B4-845B-B1F2D22315B6}.Debug|Any CPU.ActiveCfg = Debug|Any CPU
		{129A63A2-2CD5-42B4-845B-B1F2D22315B6}.Debug|Any CPU.Build.0 = Debug|Any CPU
		{129A63A2-2CD5-42B4-845B-B1F2D22315B6}.Release|Any CPU.ActiveCfg = Release|Any CPU
		{129A63A2-2CD5-42B4-845B-B1F2D22315B6}.Release|Any CPU.Build.0 = Release|Any CPU
		{9F77F370-5AB3-4ED4-B32D-3E2FF7805021}.Debug|Any CPU.ActiveCfg = Debug|Any CPU
		{9F77F370-5AB3-4ED4-B32D-3E2FF7805021}.Debug|Any CPU.Build.0 = Debug|Any CPU
		{9F77F370-5AB3-4ED4-B32D-3E2FF7805021}.Release|Any CPU.ActiveCfg = Release|Any CPU
		{9F77F370-5AB3-4ED4-B32D-3E2FF7805021}.Release|Any CPU.Build.0 = Release|Any CPU
		{53C5808D-0D43-482A-9616-4CEED0F9513F}.Debug|Any CPU.ActiveCfg = Debug|Any CPU
		{53C5808D-0D43-482A-9616-4CEED0F9513F}.Debug|Any CPU.Build.0 = Debug|Any CPU
		{53C5808D-0D43-482A-9616-4CEED0F9513F}.Release|Any CPU.ActiveCfg = Release|Any CPU
		{53C5808D-0D43-482A-9616-4CEED0F9513F}.Release|Any CPU.Build.0 = Release|Any CPU
		{AF8461A3-4A90-40CB-94A4-5B61A899AB1C}.Debug|Any CPU.ActiveCfg = Debug|Any CPU
		{AF8461A3-4A90-40CB-94A4-5B61A899AB1C}.Debug|Any CPU.Build.0 = Debug|Any CPU
		{AF8461A3-4A90-40CB-94A4-5B61A899AB1C}.Release|Any CPU.ActiveCfg = Release|Any CPU
		{AF8461A3-4A90-40CB-94A4-5B61A899AB1C}.Release|Any CPU.Build.0 = Release|Any CPU
		{7381CB02-9F89-437D-B2F2-EBEDFCBB37F1}.Debug|Any CPU.ActiveCfg = Debug|Any CPU
		{7381CB02-9F89-437D-B2F2-EBEDFCBB37F1}.Debug|Any CPU.Build.0 = Debug|Any CPU
		{7381CB02-9F89-437D-B2F2-EBEDFCBB37F1}.Release|Any CPU.ActiveCfg = Release|Any CPU
		{7381CB02-9F89-437D-B2F2-EBEDFCBB37F1}.Release|Any CPU.Build.0 = Release|Any CPU
	EndGlobalSection
	GlobalSection(SolutionProperties) = preSolution
		HideSolutionNode = FALSE
	EndGlobalSection
	GlobalSection(ExtensibilityGlobals) = postSolution
		SolutionGuid = {618C1D4A-4799-44F0-8B51-58F2A7B1A55A}
	EndGlobalSection
EndGlobal
